
Microsoft Visual Studio Solution File, Format Version 12.00
# Visual Studio Version 16
VisualStudioVersion = 16.0.31624.102
MinimumVisualStudioVersion = 10.0.40219.1
Project("{FAE04EC0-301F-11D3-BF4B-00C04F79EFBC}") = "SimpleRESTService", "SimpleRESTService\SimpleRESTService.csproj", "{98E255DE-7EC5-4FB6-BE9B-AC1373C97DA7}"
EndProject
Project("{FAE04EC0-301F-11D3-BF4B-00C04F79EFBC}") = "FootballPlayerLib", "FootballPlayerLib\FootballPlayerLib.csproj", "{2ACDD529-4A06-42B5-8092-7E3FB819BA19}"
EndProject
Global
	GlobalSection(SolutionConfigurationPlatforms) = preSolution
		Debug|Any CPU = Debug|Any CPU
		Release|Any CPU = Release|Any CPU
	EndGlobalSection
	GlobalSection(ProjectConfigurationPlatforms) = postSolution
		{98E255DE-7EC5-4FB6-BE9B-AC1373C97DA7}.Debug|Any CPU.ActiveCfg = Debug|Any CPU
		{98E255DE-7EC5-4FB6-BE9B-AC1373C97DA7}.Debug|Any CPU.Build.0 = Debug|Any CPU
		{98E255DE-7EC5-4FB6-BE9B-AC1373C97DA7}.Release|Any CPU.ActiveCfg = Release|Any CPU
		{98E255DE-7EC5-4FB6-BE9B-AC1373C97DA7}.Release|Any CPU.Build.0 = Release|Any CPU
		{2ACDD529-4A06-42B5-8092-7E3FB819BA19}.Debug|Any CPU.ActiveCfg = Debug|Any CPU
		{2ACDD529-4A06-42B5-8092-7E3FB819BA19}.Debug|Any CPU.Build.0 = Debug|Any CPU
		{2ACDD529-4A06-42B5-8092-7E3FB819BA19}.Release|Any CPU.ActiveCfg = Release|Any CPU
		{2ACDD529-4A06-42B5-8092-7E3FB819BA19}.Release|Any CPU.Build.0 = Release|Any CPU
	EndGlobalSection
	GlobalSection(SolutionProperties) = preSolution
		HideSolutionNode = FALSE
	EndGlobalSection
	GlobalSection(ExtensibilityGlobals) = postSolution
		SolutionGuid = {66714B6D-F350-4F12-9095-F4745D4F3DC8}
	EndGlobalSection
EndGlobal
